<?xml version="1.0" encoding="utf-8"?>
<Project ToolsVersion="4.0" xmlns="http://schemas.microsoft.com/developer/msbuild/2003">
  <ItemGroup>
    <Filter Include="Source Files">
      <UniqueIdentifier>{4FC737F1-C7A5-4376-A066-2A32D752A2FF}</UniqueIdentifier>
      <Extensions>cpp;c;cc;cxx;c++;cppm;ixx;def;odl;idl;hpj;bat;asm;asmx</Extensions>
    </Filter>
    <Filter Include="Resource Files">
      <UniqueIdentifier>{67DA6AB6-F800-4c08-8B7A-83BB121AAD01}</UniqueIdentifier>
      <Extensions>rc;ico;cur;bmp;dlg;rc2;rct;bin;rgs;gif;jpg;jpeg;jpe;resx;tiff;tif;png;wav;mfcribbon-ms</Extensions>
    </Filter>
    <Filter Include="Source Files\Hardware">
      <UniqueIdentifier>{8c083a47-f63f-4838-a580-23e9c01d7680}</UniqueIdentifier>
    </Filter>
    <Filter Include="Source Files\Cartridge">
      <UniqueIdentifier>{22dcee7a-0e10-4ba9-8981-ef9dc043f4a9}</UniqueIdentifier>
    </Filter>
    <Filter Include="Source Files\Core">
      <UniqueIdentifier>{00e282e5-dfba-4d76-8225-5c6c829ef3aa}</UniqueIdentifier>
    </Filter>
  </ItemGroup>
  <ItemGroup>
    <ClInclude Include="Cpu.h">
      <Filter>Source Files\Hardware</Filter>
    </ClInclude>
    <ClInclude Include="stdafx.h">
      <Filter>Source Files</Filter>
    </ClInclude>
    <ClInclude Include="Cartridge.h">
      <Filter>Source Files\Cartridge</Filter>
    </ClInclude>
    <ClInclude Include="Common.h">
      <Filter>Source Files</Filter>
    </ClInclude>
    <ClInclude Include="Common.hpp">
      <Filter>Source Files</Filter>
    </ClInclude>
    <ClInclude Include="Memory.h">
      <Filter>Source Files\Hardware</Filter>
    </ClInclude>
    <ClInclude Include="StaticArray.h">
      <Filter>Source Files\Core</Filter>
    </ClInclude>
    <ClInclude Include="StaticArray.hpp">
      <Filter>Source Files\Core</Filter>
    </ClInclude>
    <ClInclude Include="IArray.h">
      <Filter>Source Files\Core</Filter>
    </ClInclude>
    <ClInclude Include="ArrayView.h">
      <Filter>Source Files\Core</Filter>
    </ClInclude>
    <ClInclude Include="DynamicArray.h">
      <Filter>Source Files\Core</Filter>
    </ClInclude>
    <ClInclude Include="DynamicArray.hpp">
      <Filter>Source Files\Core</Filter>
    </ClInclude>
    <ClInclude Include="Nes.h">
      <Filter>Source Files</Filter>
    </ClInclude>
    <ClInclude Include="Memory.hpp">
      <Filter>Source Files\Hardware</Filter>
    </ClInclude>
    <ClInclude Include="Cpu.hpp">
      <Filter>Source Files\Hardware</Filter>
    </ClInclude>
  </ItemGroup>
  <ItemGroup>
    <ClCompile Include="stdafx.cpp">
      <Filter>Source Files</Filter>
    </ClCompile>
    <ClCompile Include="Main.cpp">
      <Filter>Source Files</Filter>
    </ClCompile>
    <ClCompile Include="Cartridge.cpp">
      <Filter>Source Files\Cartridge</Filter>
    </ClCompile>
    <ClCompile Include="Nes.cpp">
      <Filter>Source Files</Filter>
    </ClCompile>
    <ClCompile Include="Memory.cpp">
      <Filter>Source Files\Hardware</Filter>
    </ClCompile>
    <ClCompile Include="Common.cpp">
      <Filter>Source Files</Filter>
    </ClCompile>
    <ClCompile Include="Cpu.cpp">
      <Filter>Source Files\Hardware</Filter>
    </ClCompile>
  </ItemGroup>
</Project>